<?xml version="1.0" encoding="utf-8"?>
<Project ToolsVersion="4.0" xmlns="http://schemas.microsoft.com/developer/msbuild/2003">
  <ItemGroup>
    <Filter Include="Quelldateien">
      <UniqueIdentifier>{4FC737F1-C7A5-4376-A066-2A32D752A2FF}</UniqueIdentifier>
      <Extensions>cpp;c;cc;cxx;def;odl;idl;hpj;bat;asm;asmx</Extensions>
    </Filter>
    <Filter Include="Headerdateien">
      <UniqueIdentifier>{93995380-89BD-4b04-88EB-625FBE52EBFB}</UniqueIdentifier>
      <Extensions>h;hh;hpp;hxx;hm;inl;inc;xsd</Extensions>
    </Filter>
    <Filter Include="Ressourcendateien">
      <UniqueIdentifier>{67DA6AB6-F800-4c08-8B7A-83BB121AAD01}</UniqueIdentifier>
      <Extensions>rc;ico;cur;bmp;dlg;rc2;rct;bin;rgs;gif;jpg;jpeg;jpe;resx;tiff;tif;png;wav;mfcribbon-ms</Extensions>
    </Filter>
    <Filter Include="Quelldateien\Components">
      <UniqueIdentifier>{bfea674d-509b-4af2-aca5-82afde1a1d33}</UniqueIdentifier>
    </Filter>
    <Filter Include="Headerdateien\Resources Management">
      <UniqueIdentifier>{8024d5fd-af0b-4222-a8ef-3a0e8598c4f2}</UniqueIdentifier>
    </Filter>
    <Filter Include="Quelldateien\Resources Management">
      <UniqueIdentifier>{d3f6dc96-26e6-49e1-9f18-863ea17cadff}</UniqueIdentifier>
    </Filter>
    <Filter Include="Headerdateien\Resources Management\Constants">
      <UniqueIdentifier>{a63b2887-cbe8-41c8-ac04-f0dbd123d858}</UniqueIdentifier>
    </Filter>
    <Filter Include="Headerdateien\Framework">
      <UniqueIdentifier>{5b6be9e6-b19a-497b-aace-e26b5151d3c5}</UniqueIdentifier>
    </Filter>
    <Filter Include="Quelldateien\Framework">
      <UniqueIdentifier>{902852ac-f24c-4e37-9253-41e9f7827f4d}</UniqueIdentifier>
    </Filter>
    <Filter Include="Headerdateien\Systems">
      <UniqueIdentifier>{06fd663d-ccee-481b-b9b9-0f5cf5829c18}</UniqueIdentifier>
    </Filter>
    <Filter Include="Quelldateien\Systems">
      <UniqueIdentifier>{648cb55f-357f-4387-9f61-1366342e5245}</UniqueIdentifier>
    </Filter>
    <Filter Include="Headerdateien\Systems\State System">
      <UniqueIdentifier>{4c1a50d9-d7cd-4ee9-9470-3585e413cf75}</UniqueIdentifier>
    </Filter>
    <Filter Include="Headerdateien\Systems\Entity Component System">
      <UniqueIdentifier>{5e9d960c-a335-41a0-ab4e-e450b651395b}</UniqueIdentifier>
    </Filter>
    <Filter Include="Headerdateien\Systems\Event System">
      <UniqueIdentifier>{8b42e20f-5888-46c0-bb96-186ec97b82d8}</UniqueIdentifier>
    </Filter>
    <Filter Include="Headerdateien\Systems\Event System\Events">
      <UniqueIdentifier>{c72aca3c-b007-4641-b550-4388933e8cbb}</UniqueIdentifier>
    </Filter>
    <Filter Include="Quelldateien\Systems\Event System">
      <UniqueIdentifier>{33676ce7-b378-49b8-8e9a-b7229cd20b79}</UniqueIdentifier>
    </Filter>
    <Filter Include="Quelldateien\Systems\Event System\Events">
      <UniqueIdentifier>{5f7b2745-0d5e-48b5-8546-e2c82543e04a}</UniqueIdentifier>
    </Filter>
    <Filter Include="Quelldateien\Systems\State System">
      <UniqueIdentifier>{5cd06ea2-7601-4ec7-b8c1-5a09bbdd0940}</UniqueIdentifier>
    </Filter>
    <Filter Include="Quelldateien\Systems\Entity Component System">
      <UniqueIdentifier>{78fe3683-3838-4302-9923-b8931dba6f90}</UniqueIdentifier>
    </Filter>
    <Filter Include="Quelldateien\Map">
      <UniqueIdentifier>{1d33ab7c-9720-4a39-b1f4-dc16a6390d61}</UniqueIdentifier>
    </Filter>
    <Filter Include="Headerdateien\Systems\Event System\Events\InputEvents">
      <UniqueIdentifier>{b5f7a535-ff47-4fa2-ac85-3dd82f6f582b}</UniqueIdentifier>
    </Filter>
    <Filter Include="Headerdateien\Systems\Event System\Events\InputEvents\Mouse">
      <UniqueIdentifier>{5451ff2f-5848-4586-a9a8-be6c23c15f57}</UniqueIdentifier>
    </Filter>
    <Filter Include="Quelldateien\Systems\Event System\Events\InputEvents">
      <UniqueIdentifier>{96f5d9cd-39fc-4494-b5fa-02f2ffbbdb92}</UniqueIdentifier>
    </Filter>
    <Filter Include="Headerdateien\Systems\Event System\Events\InputEvents\Actions">
      <UniqueIdentifier>{d9a85fe8-848f-4eb0-861a-60af33ba5f2c}</UniqueIdentifier>
    </Filter>
    <Filter Include="Quelldateien\Systems\Event System\Events\InputEvents\Actions">
      <UniqueIdentifier>{6c609e7c-0e8b-4a7b-9031-e9d0da61747a}</UniqueIdentifier>
    </Filter>
    <Filter Include="Quelldateien\Systems\Event System\Events\InputEvents\Mouse">
      <UniqueIdentifier>{37067aa3-dd2f-4f35-bd34-1c1552f27647}</UniqueIdentifier>
    </Filter>
    <Filter Include="Headerdateien\Framework\Helpers">
      <UniqueIdentifier>{33491c60-3003-4577-a9fe-6bb7451b0582}</UniqueIdentifier>
    </Filter>
    <Filter Include="Headerdateien\Systems\Animation System">
      <UniqueIdentifier>{2c5727b4-7915-4b0a-81f8-c96ea1911258}</UniqueIdentifier>
    </Filter>
    <Filter Include="Headerdateien\Systems\Render System">
      <UniqueIdentifier>{34c591d2-32bf-48ae-85e9-4b50e3b76d60}</UniqueIdentifier>
    </Filter>
    <Filter Include="Headerdateien\Systems\Render System\Effects">
      <UniqueIdentifier>{e1cccb48-05ed-4ddb-9ba2-706b1b04f081}</UniqueIdentifier>
    </Filter>
    <Filter Include="Quelldateien\Systems\Render System">
      <UniqueIdentifier>{db2c171f-b29d-4fec-9677-e10853c86a24}</UniqueIdentifier>
    </Filter>
    <Filter Include="Quelldateien\Systems\Render System\Effects">
      <UniqueIdentifier>{212d0125-5d6b-4d79-ae69-95d34478c971}</UniqueIdentifier>
    </Filter>
    <Filter Include="Quelldateien\Systems\Animation System">
      <UniqueIdentifier>{b97d91fe-785c-4f2d-aad6-42cdd32cf727}</UniqueIdentifier>
    </Filter>
    <Filter Include="Headerdateien\Systems\Animation System\Animations">
      <UniqueIdentifier>{736469b3-1007-47ba-8f26-fc489ed74b96}</UniqueIdentifier>
    </Filter>
    <Filter Include="Quelldateien\Systems\Animation System\Animations">
      <UniqueIdentifier>{85f0d648-25d6-42d0-8b75-c00b04052f90}</UniqueIdentifier>
    </Filter>
    <Filter Include="Headerdateien\Systems\Clickable System">
      <UniqueIdentifier>{f6d4d884-0931-4704-b3ac-495f1eb9a28d}</UniqueIdentifier>
    </Filter>
    <Filter Include="Quelldateien\Systems\ClickableSystem">
      <UniqueIdentifier>{bbb71426-f558-475c-9824-8ddbdc6ecd0d}</UniqueIdentifier>
    </Filter>
    <Filter Include="Quelldateien\Framework\Helpers">
      <UniqueIdentifier>{f08d5e85-51db-49e1-a3d4-49c174d986fb}</UniqueIdentifier>
    </Filter>
    <Filter Include="Headerdateien\Systems\Audio System">
      <UniqueIdentifier>{aed507cd-02ce-45a3-bb1f-a28367224917}</UniqueIdentifier>
    </Filter>
    <Filter Include="Quelldateien\Systems\Audio System">
      <UniqueIdentifier>{bfb36fcb-1dd7-42da-b097-0d23029a4154}</UniqueIdentifier>
    </Filter>
    <Filter Include="Headerdateien\Map">
      <UniqueIdentifier>{e582bd5e-15c5-42c4-ad63-37f90671cda2}</UniqueIdentifier>
    </Filter>
    <Filter Include="Headerdateien\Components">
      <UniqueIdentifier>{e225f7d0-eb73-4cd5-bbd8-5816ef0573e6}</UniqueIdentifier>
    </Filter>
    <Filter Include="Headerdateien\Systems\AI System">
      <UniqueIdentifier>{c24b45a9-db6b-40b5-a465-9b090451e897}</UniqueIdentifier>
    </Filter>
    <Filter Include="Quelldateien\Systems\AI System">
      <UniqueIdentifier>{64546994-32f0-40a2-a97e-3a253d1b6ea6}</UniqueIdentifier>
    </Filter>
    <Filter Include="Quelldateien\ComponentSerialisers">
      <UniqueIdentifier>{ca59082f-c701-4a8e-95d0-d8fd7a72c8a3}</UniqueIdentifier>
    </Filter>
    <Filter Include="Headerdateien\ComponentSerialisers">
      <UniqueIdentifier>{d0529665-1339-4e6e-84b9-c12b42366b79}</UniqueIdentifier>
    </Filter>
  </ItemGroup>
  <ItemGroup>
    <ClCompile Include="Source\MBE\TransformComponent.cpp">
      <Filter>Quelldateien\Components</Filter>
    </ClCompile>
    <ClCompile Include="Source\MBE\Core\AStarNode.cpp">
      <Filter>Quelldateien\Map</Filter>
    </ClCompile>
    <ClCompile Include="Source\MBE\Core\BaseEvent.cpp">
      <Filter>Quelldateien\Systems\Event System</Filter>
    </ClCompile>
    <ClCompile Include="Source\MBE\Core\Component.cpp">
      <Filter>Quelldateien\Systems\Entity Component System</Filter>
    </ClCompile>
    <ClCompile Include="Source\MBE\Core\Entity.cpp">
      <Filter>Quelldateien\Systems\Entity Component System</Filter>
    </ClCompile>
    <ClCompile Include="Source\MBE\Core\EntityManager.cpp">
      <Filter>Quelldateien\Systems\Entity Component System</Filter>
    </ClCompile>
    <ClCompile Include="Source\MBE\Core\EntityCreatedEvent.cpp">
      <Filter>Quelldateien\Systems\Event System\Events</Filter>
    </ClCompile>
    <ClCompile Include="Source\MBE\Core\EntityRemovedEvent.cpp">
      <Filter>Quelldateien\Systems\Event System\Events</Filter>
    </ClCompile>
    <ClCompile Include="Source\MBE\Core\EventLogger.cpp">
      <Filter>Quelldateien\Framework</Filter>
    </ClCompile>
    <ClCompile Include="Source\MBE\Core\EventManager.cpp">
      <Filter>Quelldateien\Systems\Event System</Filter>
    </ClCompile>
    <ClCompile Include="Source\MBE\Core\State.cpp">
      <Filter>Quelldateien\Systems\State System</Filter>
    </ClCompile>
    <ClCompile Include="Source\MBE\Core\StateManager.cpp">
      <Filter>Quelldateien\Systems\State System</Filter>
    </ClCompile>
    <ClCompile Include="Source\MBE\Core\TinyXML.cpp">
      <Filter>Quelldateien\Framework</Filter>
    </ClCompile>
    <ClCompile Include="Source\MBE\Core\Utility.cpp">
      <Filter>Quelldateien\Framework\Helpers</Filter>
    </ClCompile>
    <ClCompile Include="Source\MBE\Core\PixelMask.cpp">
      <Filter>Quelldateien\Systems\ClickableSystem</Filter>
    </ClCompile>
    <ClCompile Include="Source\MBE\Core\ParallelTask.cpp">
      <Filter>Quelldateien\Framework</Filter>
    </ClCompile>
    <ClCompile Include="Source\MBE\Input\ActionBaseEvent.cpp">
      <Filter>Quelldateien\Systems\Event System\Events\InputEvents\Actions</Filter>
    </ClCompile>
    <ClCompile Include="Source\MBE\Input\ActionEvents.cpp">
      <Filter>Quelldateien\Systems\Event System\Events\InputEvents\Actions</Filter>
    </ClCompile>
    <ClCompile Include="Source\MBE\Input\ActionHoldEvent.cpp">
      <Filter>Quelldateien\Systems\Event System\Events\InputEvents\Actions</Filter>
    </ClCompile>
    <ClCompile Include="Source\MBE\Input\MouseButtonHoldEvent.cpp">
      <Filter>Quelldateien\Systems\Event System\Events\InputEvents\Mouse</Filter>
    </ClCompile>
    <ClCompile Include="Source\MBE\Input\MouseButtonPressedEvent.cpp">
      <Filter>Quelldateien\Systems\Event System\Events\InputEvents\Mouse</Filter>
    </ClCompile>
    <ClCompile Include="Source\MBE\Input\MouseButtonReleasedEvent.cpp">
      <Filter>Quelldateien\Systems\Event System\Events\InputEvents\Mouse</Filter>
    </ClCompile>
    <ClCompile Include="Source\MBE\Input\ClickableSystem.cpp">
      <Filter>Quelldateien\Systems\ClickableSystem</Filter>
    </ClCompile>
    <ClCompile Include="Source\MBE\Input\ClickableComponent.cpp">
      <Filter>Quelldateien\Components</Filter>
    </ClCompile>
    <ClCompile Include="Source\MBE\Input\InputHandler.cpp">
      <Filter>Quelldateien\Framework</Filter>
    </ClCompile>
    <ClCompile Include="Source\MBE\Input\PixelMaskClickableComponent.cpp">
      <Filter>Quelldateien\Components</Filter>
    </ClCompile>
    <ClCompile Include="Source\MBE\Core\Constants.cpp">
      <Filter>Quelldateien\Resources Management</Filter>
    </ClCompile>
    <ClCompile Include="Source\MBE\Animation\AnimationComponent.cpp">
      <Filter>Quelldateien\Components</Filter>
    </ClCompile>
    <ClCompile Include="Source\MBE\Animation\BlinkingAnimation.cpp">
      <Filter>Quelldateien\Systems\Animation System\Animations</Filter>
    </ClCompile>
    <ClCompile Include="Source\MBE\Animation\FrameAnimation.cpp">
      <Filter>Quelldateien\Systems\Animation System\Animations</Filter>
    </ClCompile>
    <ClCompile Include="Source\MBE\Input\EntityClickedEvent.cpp">
      <Filter>Quelldateien\Systems\Event System\Events</Filter>
    </ClCompile>
    <ClCompile Include="Source\MBE\Audio\AudioData.cpp">
      <Filter>Quelldateien\Systems\Audio System</Filter>
    </ClCompile>
    <ClCompile Include="Source\MBE\Graphics\Effect.cpp">
      <Filter>Quelldateien\Systems\Render System</Filter>
    </ClCompile>
    <ClCompile Include="Source\MBE\Graphics\OutlineEffect.cpp">
      <Filter>Quelldateien\Systems\Render System\Effects</Filter>
    </ClCompile>
    <ClCompile Include="Source\MBE\Graphics\RenderSystem.cpp">
      <Filter>Quelldateien\Systems\Render System</Filter>
    </ClCompile>
    <ClCompile Include="Source\MBE\Graphics\SpriteRenderComponent.cpp">
      <Filter>Quelldateien\Components</Filter>
    </ClCompile>
    <ClCompile Include="Source\MBE\Graphics\TextureWrapper.cpp">
      <Filter>Quelldateien\Framework</Filter>
    </ClCompile>
    <ClCompile Include="Source\MBE\Graphics\TiledTerrainLayerRenderComponent.cpp">
      <Filter>Quelldateien\Components</Filter>
    </ClCompile>
    <ClCompile Include="Source\MBE\Graphics\TopDownInformationComponent.cpp">
      <Filter>Quelldateien\Components</Filter>
    </ClCompile>
    <ClCompile Include="Source\MBE\Graphics\TopDownZOrderSorter.cpp">
      <Filter>Quelldateien\Systems\Render System</Filter>
    </ClCompile>
    <ClCompile Include="Source\MBE\Animation\PitchAnimation.cpp">
      <Filter>Quelldateien\Systems\Animation System\Animations</Filter>
    </ClCompile>
    <ClCompile Include="Source\MBE\Audio\BaseAudioComponent.cpp">
      <Filter>Quelldateien\Components</Filter>
    </ClCompile>
    <ClCompile Include="Source\MBE\Audio\SoundComponent.cpp">
      <Filter>Quelldateien\Components</Filter>
    </ClCompile>
    <ClCompile Include="Source\MBE\Audio\MusicComponent.cpp">
      <Filter>Quelldateien\Components</Filter>
    </ClCompile>
    <ClCompile Include="Source\MBE\Graphics\RenderInformationComponent.cpp">
      <Filter>Quelldateien\Components</Filter>
    </ClCompile>
    <ClCompile Include="Source\MBE\Graphics\TextureWrapperComponent.cpp">
      <Filter>Quelldateien\Components</Filter>
    </ClCompile>
    <ClCompile Include="Source\MBE\Graphics\RenderComponent.cpp">
      <Filter>Quelldateien\Components</Filter>
    </ClCompile>
    <ClCompile Include="Source\MBE\Audio\AudioSystem.cpp">
      <Filter>Quelldateien\Systems\Audio System</Filter>
    </ClCompile>
    <ClCompile Include="Source\MBE\Graphics\SpriteRenderSystem.cpp">
      <Filter>Quelldateien\Systems\Render System</Filter>
    </ClCompile>
    <ClCompile Include="Source\MBE\Graphics\BaseComponentRenderSystem.cpp">
      <Filter>Quelldateien\Systems\Render System</Filter>
    </ClCompile>
    <ClCompile Include="Source\MBE\Map\TiledTerrain.cpp">
      <Filter>Quelldateien\Map</Filter>
    </ClCompile>
    <ClCompile Include="Source\MBE\Map\TileMapComponent.cpp">
      <Filter>Quelldateien\Components</Filter>
    </ClCompile>
    <ClCompile Include="Source\MBE\Map\GoalReachedEvent.cpp">
      <Filter>Quelldateien\Systems\Event System\Events</Filter>
    </ClCompile>
    <ClCompile Include="Source\MBE\Map\TileMapBase.cpp">
      <Filter>Quelldateien\Map</Filter>
    </ClCompile>
    <ClCompile Include="Source\MBE\Graphics\TiledTerrainLayerRenderSystem.cpp">
      <Filter>Quelldateien\Systems\Render System</Filter>
    </ClCompile>
    <ClCompile Include="Source\MBE\Core\ComponentValueChangedEvent.cpp">
      <Filter>Quelldateien\Systems\Event System\Events</Filter>
    </ClCompile>
    <ClCompile Include="Source\MBE\Map\TiledTerrainLayerComponent.cpp">
      <Filter>Quelldateien\Components</Filter>
    </ClCompile>
    <ClCompile Include="Source\MBE\pch.cpp">
      <Filter>Quelldateien</Filter>
    </ClCompile>
    <ClCompile Include="Source\MBE\AI\AIComponent.cpp">
      <Filter>Quelldateien\Components</Filter>
    </ClCompile>
    <ClCompile Include="Source\MBE\Core\ComponentsChangedEvent.cpp">
      <Filter>Quelldateien\Systems\Event System</Filter>
    </ClCompile>
    <ClCompile Include="Source\MBE\AI\AITask.cpp">
      <Filter>Quelldateien\Systems\AI System</Filter>
    </ClCompile>
    <ClCompile Include="Source\MBE\AI\AIAction.cpp">
      <Filter>Quelldateien\Systems\AI System</Filter>
    </ClCompile>
    <ClCompile Include="Source\MBE\AI\AISystem.cpp">
      <Filter>Quelldateien\Systems\AI System</Filter>
    </ClCompile>
    <ClCompile Include="Source\MBE\Serialisation\EntitySerialiser.cpp">
      <Filter>Quelldateien\Systems\Entity Component System</Filter>
    </ClCompile>
    <ClCompile Include="Source\MBE\Serialisation\TransformComponentSerialiser.cpp">
      <Filter>Quelldateien\ComponentSerialisers</Filter>
    </ClCompile>
    <ClCompile Include="Source\MBE\Serialisation\ClickableComponentSerialiser.cpp">
      <Filter>Quelldateien\ComponentSerialisers</Filter>
    </ClCompile>
    <ClCompile Include="Source\MBE\Serialisation\PixelMaskClickableComponentSerialiser.cpp">
      <Filter>Quelldateien\ComponentSerialisers</Filter>
    </ClCompile>
    <ClCompile Include="Source\MBE\Serialisation\AnimationComponentSerialser.cpp">
      <Filter>Quelldateien\ComponentSerialisers</Filter>
    </ClCompile>
    <ClCompile Include="Source\MBE\Serialisation\AIComponentSerialiser.cpp">
      <Filter>Quelldateien\ComponentSerialisers</Filter>
    </ClCompile>
    <ClCompile Include="Source\MBE\Serialisation\TopDownInformationComponentSerialiser.cpp">
      <Filter>Quelldateien\ComponentSerialisers</Filter>
    </ClCompile>
    <ClCompile Include="Source\MBE\Serialisation\RenderInformationComponentSerialiser.cpp">
      <Filter>Quelldateien\ComponentSerialisers</Filter>
    </ClCompile>
    <ClCompile Include="Source\MBE\Serialisation\TextureWrapperComponentSerialiser.cpp">
      <Filter>Quelldateien\ComponentSerialisers</Filter>
    </ClCompile>
    <ClCompile Include="Source\MBE\Animation\EntityAnimator.cpp">
      <Filter>Quelldateien\Systems\Animation System</Filter>
    </ClCompile>
    <ClCompile Include="Source\MBE\Animation\AnimationSystem.cpp">
      <Filter>Quelldateien\Systems\Animation System</Filter>
    </ClCompile>
  </ItemGroup>
  <ItemGroup>
    <ClInclude Include="Include\MBE\TransformComponent.h">
      <Filter>Headerdateien\Components</Filter>
    </ClInclude>
    <ClInclude Include="Include\MBE\Core\AssetHolder.h">
      <Filter>Headerdateien\Resources Management</Filter>
    </ClInclude>
    <ClInclude Include="Include\MBE\Core\AStarNode.h">
      <Filter>Headerdateien\Map</Filter>
    </ClInclude>
    <ClInclude Include="Include\MBE\Core\AStarPathfinder.h">
      <Filter>Headerdateien\Map</Filter>
    </ClInclude>
    <ClInclude Include="Include\MBE\Core\BaseEvent.h">
      <Filter>Headerdateien\Systems\Event System</Filter>
    </ClInclude>
    <ClInclude Include="Include\MBE\Core\Component.h">
      <Filter>Headerdateien\Systems\Entity Component System</Filter>
    </ClInclude>
    <ClInclude Include="Include\MBE\Core\Entity.h">
      <Filter>Headerdateien\Systems\Entity Component System</Filter>
    </ClInclude>
    <ClInclude Include="Include\MBE\Core\EntityCreatedEvent.h">
      <Filter>Headerdateien\Systems\Event System\Events</Filter>
    </ClInclude>
    <ClInclude Include="Include\MBE\Core\EntityManager.h">
      <Filter>Headerdateien\Systems\Entity Component System</Filter>
    </ClInclude>
    <ClInclude Include="Include\MBE\Core\EntityRemovedEvent.h">
      <Filter>Headerdateien\Systems\Event System\Events</Filter>
    </ClInclude>
    <ClInclude Include="Include\MBE\Core\EnumBitmask.h">
      <Filter>Headerdateien\Framework\Helpers</Filter>
    </ClInclude>
    <ClInclude Include="Include\MBE\Core\EventLogger.h">
      <Filter>Headerdateien\Framework</Filter>
    </ClInclude>
    <ClInclude Include="Include\MBE\Core\EventManager.h">
      <Filter>Headerdateien\Systems\Event System</Filter>
    </ClInclude>
    <ClInclude Include="Include\MBE\Core\EventWrapper.h">
      <Filter>Headerdateien\Systems\Event System</Filter>
    </ClInclude>
    <ClInclude Include="Include\MBE\Core\FilePathDictionary.h">
      <Filter>Headerdateien\Resources Management</Filter>
    </ClInclude>
    <ClInclude Include="Include\MBE\Core\HandleBase.h">
      <Filter>Headerdateien\Framework</Filter>
    </ClInclude>
    <ClInclude Include="Include\MBE\Core\PixelMask.h">
      <Filter>Headerdateien\Systems\Clickable System</Filter>
    </ClInclude>
    <ClInclude Include="Include\MBE\Core\RegularExpressions.h">
      <Filter>Headerdateien\Resources Management\Constants</Filter>
    </ClInclude>
    <ClInclude Include="Include\MBE\Core\Singleton.h">
      <Filter>Headerdateien\Framework\Helpers</Filter>
    </ClInclude>
    <ClInclude Include="Include\MBE\Core\State.h">
      <Filter>Headerdateien\Systems\State System</Filter>
    </ClInclude>
    <ClInclude Include="Include\MBE\Core\StateManager.h">
      <Filter>Headerdateien\Systems\State System</Filter>
    </ClInclude>
    <ClInclude Include="Include\MBE\Core\TinyXML.h">
      <Filter>Headerdateien\Framework</Filter>
    </ClInclude>
    <ClInclude Include="Include\MBE\Core\ParallelTask.h">
      <Filter>Headerdateien\Framework</Filter>
    </ClInclude>
    <ClInclude Include="Include\MBE\Core\Constants.h">
      <Filter>Headerdateien\Resources Management\Constants</Filter>
    </ClInclude>
    <ClInclude Include="Include\MBE\Input\ActionBaseEvent.h">
      <Filter>Headerdateien\Systems\Event System\Events\InputEvents\Actions</Filter>
    </ClInclude>
    <ClInclude Include="Include\MBE\Input\ActionEvents.h">
      <Filter>Headerdateien\Systems\Event System\Events\InputEvents\Actions</Filter>
    </ClInclude>
    <ClInclude Include="Include\MBE\Input\ActionHoldEvent.h">
      <Filter>Headerdateien\Systems\Event System\Events\InputEvents\Actions</Filter>
    </ClInclude>
    <ClInclude Include="Include\MBE\Input\ClickableComponent.h">
      <Filter>Headerdateien\Components</Filter>
    </ClInclude>
    <ClInclude Include="Include\MBE\Input\ClickableSystem.h">
      <Filter>Headerdateien\Systems\Clickable System</Filter>
    </ClInclude>
    <ClInclude Include="Include\MBE\Input\EntityClickedEvent.h">
      <Filter>Headerdateien\Systems\Event System\Events</Filter>
    </ClInclude>
    <ClInclude Include="Include\MBE\Input\InputHandler.h">
      <Filter>Headerdateien\Framework</Filter>
    </ClInclude>
    <ClInclude Include="Include\MBE\Input\MouseButtonBaseEvent.h">
      <Filter>Headerdateien\Systems\Event System\Events\InputEvents\Mouse</Filter>
    </ClInclude>
    <ClInclude Include="Include\MBE\Input\MouseButtonEvents.h">
      <Filter>Headerdateien\Systems\Event System\Events\InputEvents\Mouse</Filter>
    </ClInclude>
    <ClInclude Include="Include\MBE\Input\MouseButtonHoldEvent.h">
      <Filter>Headerdateien\Systems\Event System\Events\InputEvents\Mouse</Filter>
    </ClInclude>
    <ClInclude Include="Include\MBE\Input\MouseButtonPressedEvent.h">
      <Filter>Headerdateien\Systems\Event System\Events\InputEvents\Mouse</Filter>
    </ClInclude>
    <ClInclude Include="Include\MBE\Input\MouseButtonReleasedEvent.h">
      <Filter>Headerdateien\Systems\Event System\Events\InputEvents\Mouse</Filter>
    </ClInclude>
    <ClInclude Include="Include\MBE\Input\PixelMaskClickableComponent.h">
      <Filter>Headerdateien\Components</Filter>
    </ClInclude>
    <ClInclude Include="Include\MBE\Animation\AnimationComponent.h">
      <Filter>Headerdateien\Components</Filter>
    </ClInclude>
    <ClInclude Include="Include\MBE\Animation\Animator.h">
      <Filter>Headerdateien\Systems\Animation System</Filter>
    </ClInclude>
    <ClInclude Include="Include\MBE\Animation\BaseAnimator.h">
      <Filter>Headerdateien\Systems\Animation System</Filter>
    </ClInclude>
    <ClInclude Include="Include\MBE\Animation\BlinkingAnimation.h">
      <Filter>Headerdateien\Systems\Animation System\Animations</Filter>
    </ClInclude>
    <ClInclude Include="Include\MBE\Animation\FrameAnimation.h">
      <Filter>Headerdateien\Systems\Animation System\Animations</Filter>
    </ClInclude>
    <ClInclude Include="Include\MBE\Animation\PitchAnimation.h">
      <Filter>Headerdateien\Systems\Animation System\Animations</Filter>
    </ClInclude>
    <ClInclude Include="Include\MBE\Audio\AudioData.h">
      <Filter>Headerdateien\Systems\Audio System</Filter>
    </ClInclude>
    <ClInclude Include="Include\MBE\Animation\RotationAnimation.h">
      <Filter>Headerdateien\Systems\Animation System\Animations</Filter>
    </ClInclude>
    <ClInclude Include="Include\MBE\Graphics\Effect.h">
      <Filter>Headerdateien\Systems\Render System</Filter>
    </ClInclude>
    <ClInclude Include="Include\MBE\Graphics\OutlineEffect.h">
      <Filter>Headerdateien\Systems\Render System\Effects</Filter>
    </ClInclude>
    <ClInclude Include="Include\MBE\Graphics\RenderComponent.h">
      <Filter>Headerdateien\Components</Filter>
    </ClInclude>
    <ClInclude Include="Include\MBE\Graphics\RenderSystem.h">
      <Filter>Headerdateien\Systems\Render System</Filter>
    </ClInclude>
    <ClInclude Include="Include\MBE\Graphics\SpriteRenderComponent.h">
      <Filter>Headerdateien\Components</Filter>
    </ClInclude>
    <ClInclude Include="Include\MBE\Graphics\TextureWrapper.h">
      <Filter>Headerdateien\Framework</Filter>
    </ClInclude>
    <ClInclude Include="Include\MBE\Graphics\TiledTerrainLayerRenderComponent.h">
      <Filter>Headerdateien\Components</Filter>
    </ClInclude>
    <ClInclude Include="Include\MBE\Graphics\TopDownInformationComponent.h">
      <Filter>Headerdateien\Components</Filter>
    </ClInclude>
    <ClInclude Include="Include\MBE\Graphics\TopDownZOrderSorter.h">
      <Filter>Headerdateien\Systems\Render System</Filter>
    </ClInclude>
    <ClInclude Include="Include\MBE\Core\Utility.h">
      <Filter>Headerdateien\Framework\Helpers</Filter>
    </ClInclude>
    <ClInclude Include="Include\MBE\Audio\BaseAudioComponent.h">
      <Filter>Headerdateien\Components</Filter>
    </ClInclude>
    <ClInclude Include="Include\MBE\Audio\SoundComponent.h">
      <Filter>Headerdateien\Components</Filter>
    </ClInclude>
    <ClInclude Include="Include\MBE\Audio\MusicComponent.h">
      <Filter>Headerdateien\Components</Filter>
    </ClInclude>
    <ClInclude Include="Include\MBE\Graphics\RenderInformationComponent.h">
      <Filter>Headerdateien\Components</Filter>
    </ClInclude>
    <ClInclude Include="Include\MBE\Graphics\TextureWrapperComponent.h">
      <Filter>Headerdateien\Components</Filter>
    </ClInclude>
    <ClInclude Include="Include\MBE\Audio\AudioSystem.h">
      <Filter>Headerdateien\Systems\Audio System</Filter>
    </ClInclude>
    <ClInclude Include="Include\MBE\Graphics\SpriteRenderSystem.h">
      <Filter>Headerdateien\Systems\Render System</Filter>
    </ClInclude>
    <ClInclude Include="Include\MBE\Graphics\BaseComponentRenderSystem.h">
      <Filter>Headerdateien\Systems\Render System</Filter>
    </ClInclude>
    <ClInclude Include="Include\MBE\Map\TileMapBase.h">
      <Filter>Headerdateien\Map</Filter>
    </ClInclude>
    <ClInclude Include="Include\MBE\Map\TiledTerrain.h">
      <Filter>Headerdateien\Map</Filter>
    </ClInclude>
    <ClInclude Include="Include\MBE\Map\TileMapComponent.h">
      <Filter>Headerdateien\Components</Filter>
    </ClInclude>
    <ClInclude Include="Include\MBE\Map\GoalReachedEvent.h">
      <Filter>Headerdateien\Systems\Event System\Events</Filter>
    </ClInclude>
    <ClInclude Include="Include\MBE\Graphics\TiledTerrainLayerRenderSystem.h">
      <Filter>Headerdateien\Systems\Render System</Filter>
    </ClInclude>
    <ClInclude Include="Include\MBE\Core\ComponentValueChangedEvent.h">
      <Filter>Headerdateien\Systems\Event System\Events</Filter>
    </ClInclude>
    <ClInclude Include="Include\MBE\Map\TiledTerrainLayerComponent.h">
      <Filter>Headerdateien\Components</Filter>
    </ClInclude>
    <ClInclude Include="Include\MBE\Core\SafeQueue.h">
      <Filter>Headerdateien\Framework\Helpers</Filter>
    </ClInclude>
    <ClInclude Include="Include\MBE\pch.h">
      <Filter>Headerdateien</Filter>
    </ClInclude>
    <ClInclude Include="Include\MBE\AI\AIComponent.h">
      <Filter>Headerdateien\Components</Filter>
    </ClInclude>
    <ClInclude Include="Include\MBE\Core\ComponentsChangedEvent.h">
      <Filter>Headerdateien\Systems\Event System\Events</Filter>
    </ClInclude>
    <ClInclude Include="Include\MBE\AI\AITask.h">
      <Filter>Headerdateien\Systems\AI System</Filter>
    </ClInclude>
    <ClInclude Include="Include\MBE\AI\AIAction.h">
      <Filter>Headerdateien\Systems\AI System</Filter>
    </ClInclude>
    <ClInclude Include="Include\MBE\AI\AISystem.h">
      <Filter>Headerdateien\Systems\AI System</Filter>
    </ClInclude>
    <ClInclude Include="Include\MBE\Serialisation\ComponentSerialiser.h">
      <Filter>Headerdateien\Systems\Entity Component System</Filter>
    </ClInclude>
    <ClInclude Include="Include\MBE\Serialisation\EntitySerialiser.h">
      <Filter>Headerdateien\Systems\Entity Component System</Filter>
    </ClInclude>
    <ClInclude Include="Include\MBE\Serialisation\TransformComponentSerialiser.h">
      <Filter>Headerdateien\ComponentSerialisers</Filter>
    </ClInclude>
    <ClInclude Include="Include\MBE\Serialisation\ClickableComponentSerialiser.h">
      <Filter>Headerdateien\ComponentSerialisers</Filter>
    </ClInclude>
    <ClInclude Include="Include\MBE\Serialisation\PixelMaskClickableComponentSerialiser.h">
      <Filter>Headerdateien\ComponentSerialisers</Filter>
    </ClInclude>
    <ClInclude Include="Include\MBE\Serialisation\AnimationSerialiser.h">
      <Filter>Headerdateien\Systems\Animation System</Filter>
    </ClInclude>
    <ClInclude Include="Include\MBE\Serialisation\AITaskSerialser.h">
      <Filter>Headerdateien\Systems\AI System</Filter>
    </ClInclude>
    <ClInclude Include="Include\MBE\Serialisation\AnimationComponentSerialser.h">
      <Filter>Headerdateien\ComponentSerialisers</Filter>
    </ClInclude>
    <ClInclude Include="Include\MBE\Serialisation\AIComponentSerialiser.h">
      <Filter>Headerdateien\ComponentSerialisers</Filter>
    </ClInclude>
    <ClInclude Include="Include\MBE\Serialisation\TopDownInformationComponentSerialiser.h">
      <Filter>Headerdateien\ComponentSerialisers</Filter>
    </ClInclude>
    <ClInclude Include="Include\MBE\Serialisation\RenderInformationComponentSerialiser.h">
      <Filter>Headerdateien\ComponentSerialisers</Filter>
    </ClInclude>
    <ClInclude Include="Include\MBE\Serialisation\TextureWrapperComponentSerialiser.h">
      <Filter>Headerdateien\ComponentSerialisers</Filter>
    </ClInclude>
    <ClInclude Include="Include\MBE\Animation\EntityAnimator.h">
      <Filter>Headerdateien\Systems\Animation System</Filter>
    </ClInclude>
    <ClInclude Include="Include\MBE\Animation\AnimationSystem.h">
      <Filter>Headerdateien\Systems\Animation System</Filter>
    </ClInclude>
  </ItemGroup>
  <ItemGroup>
    <Text Include="Namespace Documentation.txt">
      <Filter>Ressourcendateien</Filter>
    </Text>
    <Text Include="Main page documentation.txt">
      <Filter>Ressourcendateien</Filter>
    </Text>
  </ItemGroup>
</Project>